
Microsoft Visual Studio Solution File, Format Version 12.00
# Visual Studio Version 16
VisualStudioVersion = 16.0.30114.105
MinimumVisualStudioVersion = 10.0.40219.1
Project("{9092AA53-FB77-4645-B42D-1CCCA6BD08BD}") = "COMP2068Lab1", "COMP2068Lab1.njsproj", "{1273946E-23ED-4920-8EB2-4C4A6EABC5F4}"
EndProject
Global
	GlobalSection(SolutionConfigurationPlatforms) = preSolution
		Debug|Any CPU = Debug|Any CPU
		Release|Any CPU = Release|Any CPU
	EndGlobalSection
	GlobalSection(ProjectConfigurationPlatforms) = postSolution
		{1273946E-23ED-4920-8EB2-4C4A6EABC5F4}.Debug|Any CPU.ActiveCfg = Debug|Any CPU
		{1273946E-23ED-4920-8EB2-4C4A6EABC5F4}.Debug|Any CPU.Build.0 = Debug|Any CPU
		{1273946E-23ED-4920-8EB2-4C4A6EABC5F4}.Release|Any CPU.ActiveCfg = Release|Any CPU
		{1273946E-23ED-4920-8EB2-4C4A6EABC5F4}.Release|Any CPU.Build.0 = Release|Any CPU
	EndGlobalSection
	GlobalSection(SolutionProperties) = preSolution
		HideSolutionNode = FALSE
	EndGlobalSection
	GlobalSection(ExtensibilityGlobals) = postSolution
		SolutionGuid = {4294A7FA-C162-45BC-810A-91E7DE90222E}
	EndGlobalSection
EndGlobal
